
Microsoft Visual Studio Solution File, Format Version 12.00
# Visual Studio Version 17
VisualStudioVersion = 17.10.35122.118
MinimumVisualStudioVersion = 10.0.40219.1
Project("{FAE04EC0-301F-11D3-BF4B-00C04F79EFBC}") = "guia2", "guia2\guia2.csproj", "{2E060279-084D-4BBE-859F-77408B7C6FAD}"
EndProject
Global
	GlobalSection(SolutionConfigurationPlatforms) = preSolution
		Debug|Any CPU = Debug|Any CPU
		Release|Any CPU = Release|Any CPU
	EndGlobalSection
	GlobalSection(ProjectConfigurationPlatforms) = postSolution
		{2E060279-084D-4BBE-859F-77408B7C6FAD}.Debug|Any CPU.ActiveCfg = Debug|Any CPU
		{2E060279-084D-4BBE-859F-77408B7C6FAD}.Debug|Any CPU.Build.0 = Debug|Any CPU
		{2E060279-084D-4BBE-859F-77408B7C6FAD}.Release|Any CPU.ActiveCfg = Release|Any CPU
		{2E060279-084D-4BBE-859F-77408B7C6FAD}.Release|Any CPU.Build.0 = Release|Any CPU
	EndGlobalSection
	GlobalSection(SolutionProperties) = preSolution
		HideSolutionNode = FALSE
	EndGlobalSection
	GlobalSection(ExtensibilityGlobals) = postSolution
		SolutionGuid = {ED3206A9-FFB8-4F2B-AC0A-05FCFE58D061}
	EndGlobalSection
EndGlobal
